{
  "name": "piriz",
  "version": "0.1.1",
  "lockfileVersion": 1,
  "requires": true,
  "dependencies": {
    "light-http-server": {
      "version": "1.0.15",
      "resolved": "https://registry.npmjs.org/light-http-server/-/light-http-server-1.0.15.tgz",
      "integrity": "sha512-c8DkGSJfZ8vCin0CsUAxUFWcyk4oHblJVMVMd1yJuEBlkLSc/fdYlPWxmjG0GZJCaDRpZ/SlyN3YfzZL6/qhtw=="
    }
  }
}
